
Microsoft Visual Studio Solution File, Format Version 12.00
# Visual Studio Version 16
VisualStudioVersion = 16.0.29326.143
MinimumVisualStudioVersion = 10.0.40219.1
Project("{FAE04EC0-301F-11D3-BF4B-00C04F79EFBC}") = "TextGen", "TextGen\TextGen.csproj", "{DBFBCDB9-3ABC-437A-A11E-B4AC233DC8EF}"
EndProject
Global
	GlobalSection(SolutionConfigurationPlatforms) = preSolution
		Debug|Any CPU = Debug|Any CPU
		Release|Any CPU = Release|Any CPU
	EndGlobalSection
	GlobalSection(ProjectConfigurationPlatforms) = postSolution
		{DBFBCDB9-3ABC-437A-A11E-B4AC233DC8EF}.Debug|Any CPU.ActiveCfg = Debug|Any CPU
		{DBFBCDB9-3ABC-437A-A11E-B4AC233DC8EF}.Debug|Any CPU.Build.0 = Debug|Any CPU
		{DBFBCDB9-3ABC-437A-A11E-B4AC233DC8EF}.Release|Any CPU.ActiveCfg = Release|Any CPU
		{DBFBCDB9-3ABC-437A-A11E-B4AC233DC8EF}.Release|Any CPU.Build.0 = Release|Any CPU
	EndGlobalSection
	GlobalSection(SolutionProperties) = preSolution
		HideSolutionNode = FALSE
	EndGlobalSection
	GlobalSection(ExtensibilityGlobals) = postSolution
		SolutionGuid = {282C5C10-DA38-4BB5-871A-89385D64628D}
	EndGlobalSection
EndGlobal
